<Solution>
  <Folder Name="/demo/">
    <Project Path="demo/AgentBlazor.Demo/AgentBlazor.Demo.csproj" />
  </Folder>
  <Folder Name="/samples/">
    <Project Path="samples/AgentBlazor.Starter/AgentBlazor.Starter.csproj" />
  </Folder>
  <Folder Name="/src/">
    <Project Path="src/AgentBlazor.Client/AgentBlazor.Client.csproj" />
    <Project Path="src/AgentBlazor.Cli/AgentBlazor.Cli.csproj" />
    <Project Path="src/AgentBlazor.Cli.Analysis/AgentBlazor.Cli.Analysis.csproj" />
    <Project Path="src/AgentBlazor.Components/AgentBlazor.Components.csproj" />
    <Project Path="src/AgentBlazor.Core/AgentBlazor.Core.csproj" />
    <Project Path="src/AgentBlazor.EntityFrameworkCore/AgentBlazor.EntityFrameworkCore.csproj" />
    <Project Path="src/AgentBlazor.Hosting/AgentBlazor.Hosting.csproj" />
    <Project Path="src/AgentBlazor.Licensing/AgentBlazor.Licensing.csproj" />
    <Project Path="src/AgentBlazor.ProviderAdapters/AgentBlazor.ProviderAdapters.csproj" />
  </Folder>
  <Folder Name="/tests/">
    <Project Path="tests/AgentBlazor.Components.Tests/AgentBlazor.Components.Tests.csproj" />
    <Project Path="tests/AgentBlazor.Core.Tests/AgentBlazor.Core.Tests.csproj" />
    <Project Path="tests/AgentBlazor.IntegrationTests/AgentBlazor.IntegrationTests.csproj" />
  </Folder>
</Solution>
