{
  "version": 2,
  "dependencies": {
    "net10.0": {
      "Microsoft.Agents.AI.Hosting.AGUI.AspNetCore": {
        "type": "Direct",
        "requested": "[1.0.0-preview.260209.1, 1.0.0-preview.260209.1]",
        "resolved": "1.0.0-preview.260209.1",
        "contentHash": "MkQnfk6CwjlUPfsOsjT1Vki8rDBP9EFGdEXWObMfuHx4r7RkxOR19A7n0SJAXqfONg/xZ6YgmFfsbAo5VJeQyw==",
        "dependencies": {
          "Microsoft.Agents.AI.Hosting": "1.0.0-preview.260209.1",
          "Microsoft.Extensions.AI": "10.2.0",
          "Microsoft.Extensions.AI.Abstractions": "10.2.0",
          "Microsoft.Extensions.VectorData.Abstractions": "9.7.0",
          "OpenTelemetry.Api": "1.13.1"
        }
      },
      "Azure.Core": {
        "type": "Transitive",
        "resolved": "1.50.0",
        "contentHash": "GBNKZEhdIbTXxedvD3R7I/yDVFX9jJJEz02kCziFSJxspSQ5RMHc3GktulJ1s7+ffXaXD7kMgrtdQTaggyInLw==",
        "dependencies": {
          "Microsoft.Bcl.AsyncInterfaces": "8.0.0",
          "System.ClientModel": "1.8.0",
          "System.Memory.Data": "8.0.1"
        }
      },
      "Microsoft.Bcl.AsyncInterfaces": {
        "type": "Transitive",
        "resolved": "8.0.0",
        "contentHash": "3WA9q9yVqJp222P3x1wYIGDAkpjAku0TMUaaQV22g6L67AI0LdOIrVS7Ht2vJfLHGSPVuqN94vIr15qn+HEkHw=="
      },
      "Microsoft.Data.Sqlite.Core": {
        "type": "Transitive",
        "resolved": "10.0.5",
        "contentHash": "jFYXnh7s0RShCw6Vkf+ReGCw+mVi7ISg1YaEzYCJcXnUifmbW+aqvCsRJuSRj2ZuQ+oqetpjxlZtbpMmk5FKqQ==",
        "dependencies": {
          "SQLitePCLRaw.core": "2.1.11"
        }
      },
      "Microsoft.Extensions.AI": {
        "type": "Transitive",
        "resolved": "10.2.0",
        "contentHash": "hKLdKfwzwQ30Z5hA1DwHFvJJtRuyPmf41Es6t8DXW4PE/6caWK4qSDRY3i+QYmYbIVXnPlVR5xXQjYNz07giNg==",
        "dependencies": {
          "Microsoft.Extensions.AI.Abstractions": "10.2.0",
          "System.Numerics.Tensors": "10.0.2"
        }
      },
      "Microsoft.Extensions.AI.Abstractions": {
        "type": "Transitive",
        "resolved": "10.2.0",
        "contentHash": "ONGlIBht0ygEdKc0bCt9XWUiq19/460dAu7fCKzPM34OFJSMQIohEDTJwjCJ8vVp8znNakloc9xFF9+R/eDCYQ=="
      },
      "Microsoft.Extensions.AI.OpenAI": {
        "type": "Transitive",
        "resolved": "10.2.0-preview.1.26063.2",
        "contentHash": "5rySSma4ubLQr5SF8EOeKhpVsWsqVnHE4uT/ezJnNBX779xUMU+/wMqejUvjYw9RsiSc3NwxqmlGNq9TDDJEAg==",
        "dependencies": {
          "Microsoft.Extensions.AI.Abstractions": "10.2.0",
          "OpenAI": "2.8.0"
        }
      },
      "Microsoft.Extensions.VectorData.Abstractions": {
        "type": "Transitive",
        "resolved": "9.7.0",
        "contentHash": "Vth/omSCX2vR0JabzSRU/hdPhr0CvUVZlaS2lJPWHrEwvak8ntrQLDtLMtMiWKSvviGBe/WmjUW8gA3qqn9tjw==",
        "dependencies": {
          "Microsoft.Extensions.AI.Abstractions": "9.5.0"
        }
      },
      "OpenAI": {
        "type": "Transitive",
        "resolved": "2.8.0",
        "contentHash": "KcYpZ9IhuxFD2hGAJlL5vABtkr00CjeJU0SY8CjZQyzvzkzLop8jhdX3iDvteVJg6e3y4TEiY+Kti4gDJAagnA==",
        "dependencies": {
          "System.ClientModel": "1.8.1"
        }
      },
      "OpenTelemetry.Api": {
        "type": "Transitive",
        "resolved": "1.13.1",
        "contentHash": "tieglRERo7Rgu8oE8aamnuXCMPEW5fXIqO5ngTMCNk9pOEXanc0SdQ86ZAD1goNiGcjWHn+P3WMZp0FZSJgCoQ=="
      },
      "SQLitePCLRaw.bundle_e_sqlite3": {
        "type": "Transitive",
        "resolved": "2.1.11",
        "contentHash": "DC4nA7yWnf4UZdgJDF+9Mus4/cb0Y3Sfgi3gDnAoKNAIBwzkskNAbNbyu+u4atT0ruVlZNJfwZmwiEwE5oz9LQ==",
        "dependencies": {
          "SQLitePCLRaw.lib.e_sqlite3": "2.1.11",
          "SQLitePCLRaw.provider.e_sqlite3": "2.1.11"
        }
      },
      "SQLitePCLRaw.core": {
        "type": "Transitive",
        "resolved": "2.1.11",
        "contentHash": "PK0GLFkfhZzLQeR3PJf71FmhtHox+U3vcY6ZtswoMjrefkB9k6ErNJEnwXqc5KgXDSjige2XXrezqS39gkpQKA=="
      },
      "SQLitePCLRaw.lib.e_sqlite3": {
        "type": "Transitive",
        "resolved": "2.1.11",
        "contentHash": "Ev2ytaXiOlWZ4b3R67GZBsemTINslLD1DCJr2xiacpn4tbapu0Q4dHEzSvZSMnVWeE5nlObU3VZN2p81q3XOYQ=="
      },
      "SQLitePCLRaw.provider.e_sqlite3": {
        "type": "Transitive",
        "resolved": "2.1.11",
        "contentHash": "Y/0ZkR+r0Cg3DQFuCl1RBnv/tmxpIZRU3HUvelPw6MVaKHwYYR8YNvgs0vuNuXCMvlyJ+Fh88U1D4tah1tt6qw==",
        "dependencies": {
          "SQLitePCLRaw.core": "2.1.11"
        }
      },
      "System.ClientModel": {
        "type": "Transitive",
        "resolved": "1.8.1",
        "contentHash": "4oUQgw/vaO4FBOk3YsH40hbrjxRED1l95rRLvTMtHXfQxapXya9IfPpm/KgwValFFtYTfYGFOs/qzGmGyexicQ==",
        "dependencies": {
          "System.Memory.Data": "8.0.1"
        }
      },
      "System.Memory.Data": {
        "type": "Transitive",
        "resolved": "8.0.1",
        "contentHash": "BVYuec3jV23EMRDeR7Dr1/qhx7369dZzJ9IWy2xylvb4YfXsrUxspWc4UWYid/tj4zZK58uGZqn2WQiaDMhmAg=="
      },
      "System.Numerics.Tensors": {
        "type": "Transitive",
        "resolved": "10.0.2",
        "contentHash": "EzimXy5WX7RJxf1pHBfolBApA4GR7qje1cY9XofD4C+cQepx0a5ZVlZjde8NHk+W1+6kltrbbfa8LIOVpTM6yQ=="
      },
      "agentblazor.core": {
        "type": "Project",
        "dependencies": {
          "AgentBlazor.Licensing": "[0.1.0-preview.5, )",
          "Microsoft.Agents.AI": "[1.0.0-preview.260209.1, 1.0.0-preview.260209.1]",
          "Microsoft.Data.Sqlite": "[10.0.5, )"
        }
      },
      "agentblazor.licensing": {
        "type": "Project"
      },
      "agentblazor.provideradapters": {
        "type": "Project",
        "dependencies": {
          "AgentBlazor.Core": "[0.1.0-preview.5, )",
          "Azure.AI.OpenAI": "[2.8.0-beta.1, )",
          "Microsoft.Agents.AI.OpenAI": "[1.0.0-preview.260209.1, 1.0.0-preview.260209.1]"
        }
      },
      "Azure.AI.OpenAI": {
        "type": "CentralTransitive",
        "requested": "[2.8.0-beta.1, )",
        "resolved": "2.8.0-beta.1",
        "contentHash": "hxV4iOVbeErzB+Ah0Rx393Efk9GoqQDu74t7ObdXP9Yo9VAsgocozICEP0skqBJubo/KQGf7anyZjaeP/sB2lA==",
        "dependencies": {
          "Azure.Core": "1.50.0",
          "OpenAI": "2.8.0"
        }
      },
      "Microsoft.Agents.AI": {
        "type": "CentralTransitive",
        "requested": "[1.0.0-preview.260209.1, 1.0.0-preview.260209.1]",
        "resolved": "1.0.0-preview.260209.1",
        "contentHash": "O3emfGfIqeHHZK98j6iifq2kSncekg7Rn2JFcgA80jgMzXf30SNaxn3vBN1NO30Rg0cPVv6cZZlqtvm61C9Xfw==",
        "dependencies": {
          "Microsoft.Agents.AI.Abstractions": "1.0.0-preview.260209.1",
          "Microsoft.Extensions.AI": "10.2.0",
          "Microsoft.Extensions.AI.Abstractions": "10.2.0",
          "Microsoft.Extensions.VectorData.Abstractions": "9.7.0"
        }
      },
      "Microsoft.Agents.AI.Abstractions": {
        "type": "CentralTransitive",
        "requested": "[1.0.0-preview.260209.1, 1.0.0-preview.260209.1]",
        "resolved": "1.0.0-preview.260209.1",
        "contentHash": "FCEsI4WOoBUIrhf/xYFHYcVigRBoVbSe8ul2p5Nnz9RhR8cpL3SRWtYQaDnKnU34FlhTZboBiSdeejIFZ7Z8sg==",
        "dependencies": {
          "Microsoft.Extensions.AI.Abstractions": "10.2.0"
        }
      },
      "Microsoft.Agents.AI.Hosting": {
        "type": "CentralTransitive",
        "requested": "[1.0.0-preview.260209.1, 1.0.0-preview.260209.1]",
        "resolved": "1.0.0-preview.260209.1",
        "contentHash": "PL7osKT/SKSk5v8pPmCIg2320iYJ+Idvob9ee/LzgASy1koh8jlBFZIGY76k8Tj09XKBgdd+lH7NWWCtwPEfoQ==",
        "dependencies": {
          "Microsoft.Agents.AI": "1.0.0-preview.260209.1",
          "Microsoft.Agents.AI.Abstractions": "1.0.0-preview.260209.1",
          "Microsoft.Agents.AI.Workflows": "1.0.0-preview.260209.1",
          "Microsoft.Extensions.AI": "10.2.0",
          "Microsoft.Extensions.AI.Abstractions": "10.2.0",
          "Microsoft.Extensions.VectorData.Abstractions": "9.7.0",
          "OpenTelemetry.Api": "1.13.1"
        }
      },
      "Microsoft.Agents.AI.OpenAI": {
        "type": "CentralTransitive",
        "requested": "[1.0.0-preview.260209.1, 1.0.0-preview.260209.1]",
        "resolved": "1.0.0-preview.260209.1",
        "contentHash": "C6J1EqVBOzlFNnwNSyUrPWWgnug9xFiqSUzb248VwHIoWmMmH+ILSJiwL+fLJPTzAkOGHCFwxd/lCg6DeyXc9w==",
        "dependencies": {
          "Microsoft.Agents.AI": "1.0.0-preview.260209.1",
          "Microsoft.Extensions.AI": "10.2.0",
          "Microsoft.Extensions.AI.Abstractions": "10.2.0",
          "Microsoft.Extensions.AI.OpenAI": "10.2.0-preview.1.26063.2",
          "Microsoft.Extensions.VectorData.Abstractions": "9.7.0",
          "OpenAI": "2.8.0",
          "System.ClientModel": "1.8.1"
        }
      },
      "Microsoft.Agents.AI.Workflows": {
        "type": "CentralTransitive",
        "requested": "[1.0.0-preview.260209.1, 1.0.0-preview.260209.1]",
        "resolved": "1.0.0-preview.260209.1",
        "contentHash": "6ngSOHeKed0QX4aZh4G5b4sSSC/CQWu7hcHuT7hqdsVex1AlCQ+ahB60Ka8xdwFRwAfBDwTpU9WhNL83PaHH4g==",
        "dependencies": {
          "Microsoft.Agents.AI": "1.0.0-preview.260209.1",
          "Microsoft.Agents.AI.Abstractions": "1.0.0-preview.260209.1",
          "Microsoft.Extensions.AI": "10.2.0",
          "Microsoft.Extensions.AI.Abstractions": "10.2.0",
          "Microsoft.Extensions.VectorData.Abstractions": "9.7.0",
          "OpenTelemetry.Api": "1.13.1"
        }
      },
      "Microsoft.Data.Sqlite": {
        "type": "CentralTransitive",
        "requested": "[10.0.5, )",
        "resolved": "10.0.5",
        "contentHash": "y4noWO5q8tav8I/JyOhuWxII+1KrXCLuhjXdP1GRd3PvVf/IlgL+eQlikp9DyCrybQxS/0ZO7Me/X6c22MjSaQ==",
        "dependencies": {
          "Microsoft.Data.Sqlite.Core": "10.0.5",
          "SQLitePCLRaw.bundle_e_sqlite3": "2.1.11",
          "SQLitePCLRaw.core": "2.1.11"
        }
      }
    }
  }
}